
Microsoft Visual Studio Solution File, Format Version 12.00
Project("{FAE04EC0-301F-11D3-BF4B-00C04F79EFBC}") = "TreeWalk", "TreeWalk\TreeWalk.csproj", "{37B10A38-A710-46EE-9F31-D00AFDE90975}"
EndProject
Project("{FAE04EC0-301F-11D3-BF4B-00C04F79EFBC}") = "TreeWalkforBenchmark", "TreeWalkforBenchmark\TreeWalkforBenchmark.csproj", "{1A916127-C05A-4E99-8F25-240E9D7CFEA0}"
EndProject
Global
	GlobalSection(SolutionConfigurationPlatforms) = preSolution
		Debug|Any CPU = Debug|Any CPU
		Release|Any CPU = Release|Any CPU
	EndGlobalSection
	GlobalSection(ProjectConfigurationPlatforms) = postSolution
		{37B10A38-A710-46EE-9F31-D00AFDE90975}.Debug|Any CPU.ActiveCfg = Debug|Any CPU
		{37B10A38-A710-46EE-9F31-D00AFDE90975}.Debug|Any CPU.Build.0 = Debug|Any CPU
		{37B10A38-A710-46EE-9F31-D00AFDE90975}.Release|Any CPU.ActiveCfg = Release|Any CPU
		{37B10A38-A710-46EE-9F31-D00AFDE90975}.Release|Any CPU.Build.0 = Release|Any CPU
		{1A916127-C05A-4E99-8F25-240E9D7CFEA0}.Debug|Any CPU.ActiveCfg = Debug|Any CPU
		{1A916127-C05A-4E99-8F25-240E9D7CFEA0}.Debug|Any CPU.Build.0 = Debug|Any CPU
		{1A916127-C05A-4E99-8F25-240E9D7CFEA0}.Release|Any CPU.ActiveCfg = Release|Any CPU
		{1A916127-C05A-4E99-8F25-240E9D7CFEA0}.Release|Any CPU.Build.0 = Release|Any CPU
	EndGlobalSection
EndGlobal
